{
  "version": 4,
  "terraform_version": "1.12.1",
  "serial": 294,
  "lineage": "ec58c5b0-a212-c9dc-fee3-03141a2db670",
  "outputs": {
    "application_url": {
      "value": "http://13.36.187.182:8080",
      "type": "string"
    },
    "database_connection_string": {
      "value": "postgresql://adminco:adminco123@vibe-tickets-db.c1cmg8aqk9as.eu-west-3.rds.amazonaws.com:5432/vibe_tickets",
      "type": "string",
      "sensitive": true
    },
    "ec2_instance_id": {
      "value": "i-04da217c00bb65b43",
      "type": "string"
    },
    "ec2_private_ip": {
      "value": "10.0.1.133",
      "type": "string"
    },
    "ec2_public_dns": {
      "value": "ec2-35-180-193-99.eu-west-3.compute.amazonaws.com",
      "type": "string"
    },
    "ec2_public_ip": {
      "value": "13.36.187.182",
      "type": "string"
    },
    "ec2_security_group_id": {
      "value": "sg-049e763caa228175c",
      "type": "string"
    },
    "ecr_repository_arn": {
      "value": "arn:aws:ecr:eu-west-3:756942038699:repository/vibe-tickets",
      "type": "string"
    },
    "ecr_repository_url": {
      "value": "756942038699.dkr.ecr.eu-west-3.amazonaws.com/vibe-tickets",
      "type": "string"
    },
    "elastic_ip": {
      "value": "13.36.187.182",
      "type": "string"
    },
    "elastic_ip_allocation_id": {
      "value": "eipalloc-0d7735b4a50797ca1",
      "type": "string"
    },
    "private_subnet_ids": {
      "value": [
        "subnet-0e7545473270533cf",
        "subnet-0cc37cb80cd451c95",
        "subnet-0c3552ae8a3b66ae9"
      ],
      "type": [
        "tuple",
        [
          "string",
          "string",
          "string"
        ]
      ]
    },
    "public_subnet_ids": {
      "value": [
        "subnet-0532e938898bbbe4d",
        "subnet-0c45706b14b72c9c2",
        "subnet-05eea967816ccb3cd"
      ],
      "type": [
        "tuple",
        [
          "string",
          "string",
          "string"
        ]
      ]
    },
    "rds_database_name": {
      "value": "vibe_tickets",
      "type": "string"
    },
    "rds_endpoint": {
      "value": "vibe-tickets-db.c1cmg8aqk9as.eu-west-3.rds.amazonaws.com:5432",
      "type": "string"
    },
    "rds_port": {
      "value": 5432,
      "type": "number"
    },
    "rds_security_group_id": {
      "value": "sg-08089293900d81daf",
      "type": "string"
    },
    "rds_username": {
      "value": "adminco",
      "type": "string",
      "sensitive": true
    },
    "ssh_connection": {
      "value": "ssh -i vibe-tickets-key-20250605-110126.pem ec2-user@13.36.187.182",
      "type": "string"
    },
    "vpc_cidr_block": {
      "value": "10.0.0.0/16",
      "type": "string"
    },
    "vpc_id": {
      "value": "vpc-015bc9b78e755fab1",
      "type": "string"
    }
  },
  "resources": [
    {
      "mode": "data",
      "type": "aws_ami",
      "name": "amazon_linux",
      "provider": "provider[\"registry.terraform.io/hashicorp/aws\"]",
      "instances": [
        {
          "schema_version": 0,
          "attributes": {
            "architecture": "x86_64",
            "arn": "arn:aws:ec2:eu-west-3::image/ami-0aae3eb6d5d1b2aa5",
            "block_device_mappings": [
              {
                "device_name": "/dev/xvda",
                "ebs": {
                  "delete_on_termination": "true",
                  "encrypted": "false",
                  "iops": "3000",
                  "snapshot_id": "snap-0e017a2e98675848f",
                  "throughput": "125",
                  "volume_size": "2",
                  "volume_type": "gp3"
                },
                "no_device": "",
                "virtual_name": ""
              }
            ],
            "boot_mode": "uefi-preferred",
            "creation_date": "2025-05-30T18:46:05.000Z",
            "deprecation_time": "2025-08-28T18:46:00.000Z",
            "description": "Amazon Linux 2023 AMI 2023.7.20250527.1 x86_64 Minimal HVM kernel-6.1",
            "ena_support": true,
            "executable_users": null,
            "filter": [
              {
                "name": "architecture",
                "values": [
                  "x86_64"
                ]
              },
              {
                "name": "name",
                "values": [
                  "al2023-ami-*"
                ]
              },
              {
                "name": "state",
                "values": [
                  "available"
                ]
              }
            ],
            "hypervisor": "xen",
            "id": "ami-0aae3eb6d5d1b2aa5",
            "image_id": "ami-0aae3eb6d5d1b2aa5",
            "image_location": "amazon/al2023-ami-minimal-2023.7.20250527.1-kernel-6.1-x86_64",
            "image_owner_alias": "amazon",
            "image_type": "machine",
            "imds_support": "v2.0",
            "include_deprecated": false,
            "kernel_id": "",
            "last_launched_time": "",
            "most_recent": true,
            "name": "al2023-ami-minimal-2023.7.20250527.1-kernel-6.1-x86_64",
            "name_regex": null,
            "owner_id": "137112412989",
            "owners": [
              "amazon"
            ],
            "platform": "",
            "platform_details": "Linux/UNIX",
            "product_codes": [],
            "public": true,
            "ramdisk_id": "",
            "root_device_name": "/dev/xvda",
            "root_device_type": "ebs",
            "root_snapshot_id": "snap-0e017a2e98675848f",
            "sriov_net_support": "simple",
            "state": "available",
            "state_reason": {
              "code": "UNSET",
              "message": "UNSET"
            },
            "tags": {},
            "timeouts": null,
            "tpm_support": "",
            "uefi_data": null,
            "usage_operation": "RunInstances",
            "virtualization_type": "hvm"
          },
          "sensitive_attributes": [],
          "identity_schema_version": 0
        }
      ]
    },
    {
      "mode": "data",
      "type": "aws_availability_zones",
      "name": "available",
      "provider": "provider[\"registry.terraform.io/hashicorp/aws\"]",
      "instances": [
        {
          "schema_version": 0,
          "attributes": {
            "all_availability_zones": null,
            "exclude_names": null,
            "exclude_zone_ids": null,
            "filter": null,
            "group_names": [
              "eu-west-3-zg-1"
            ],
            "id": "eu-west-3",
            "names": [
              "eu-west-3a",
              "eu-west-3b",
              "eu-west-3c"
            ],
            "state": "available",
            "timeouts": null,
            "zone_ids": [
              "euw3-az1",
              "euw3-az2",
              "euw3-az3"
            ]
          },
          "sensitive_attributes": [],
          "identity_schema_version": 0
        }
      ]
    },
    {
      "mode": "data",
      "type": "aws_caller_identity",
      "name": "current",
      "provider": "provider[\"registry.terraform.io/hashicorp/aws\"]",
      "instances": [
        {
          "schema_version": 0,
          "attributes": {
            "account_id": "756942038699",
            "arn": "arn:aws:iam::756942038699:user/user-vibeticket",
            "id": "756942038699",
            "user_id": "AIDA3APKC42VZEAULCLJO"
          },
          "sensitive_attributes": [],
          "identity_schema_version": 0
        }
      ]
    },
    {
      "mode": "managed",
      "type": "aws_db_instance",
      "name": "main",
      "provider": "provider[\"registry.terraform.io/hashicorp/aws\"]",
      "instances": [
        {
          "schema_version": 2,
          "attributes": {
            "address": "vibe-tickets-db.c1cmg8aqk9as.eu-west-3.rds.amazonaws.com",
            "allocated_storage": 20,
            "allow_major_version_upgrade": null,
            "apply_immediately": false,
            "arn": "arn:aws:rds:eu-west-3:756942038699:db:vibe-tickets-db",
            "auto_minor_version_upgrade": true,
            "availability_zone": "eu-west-3b",
            "backup_retention_period": 7,
            "backup_target": "region",
            "backup_window": "03:00-04:00",
            "blue_green_update": [],
            "ca_cert_identifier": "rds-ca-rsa2048-g1",
            "character_set_name": "",
            "copy_tags_to_snapshot": false,
            "custom_iam_instance_profile": "",
            "customer_owned_ip_enabled": false,
            "database_insights_mode": "standard",
            "db_name": "vibe_tickets",
            "db_subnet_group_name": "vibe-tickets-db-subnet-group",
            "dedicated_log_volume": false,
            "delete_automated_backups": true,
            "deletion_protection": false,
            "domain": "",
            "domain_auth_secret_arn": "",
            "domain_dns_ips": [],
            "domain_fqdn": "",
            "domain_iam_role_name": "",
            "domain_ou": "",
            "enabled_cloudwatch_logs_exports": [],
            "endpoint": "vibe-tickets-db.c1cmg8aqk9as.eu-west-3.rds.amazonaws.com:5432",
            "engine": "postgres",
            "engine_lifecycle_support": "open-source-rds-extended-support",
            "engine_version": "15.12",
            "engine_version_actual": "15.12",
            "final_snapshot_identifier": null,
            "hosted_zone_id": "ZMESEXB7ZGGQ3",
            "iam_database_authentication_enabled": false,
            "id": "db-PKFWAABWJH3ETA3TJOWR5BCRMI",
            "identifier": "vibe-tickets-db",
            "identifier_prefix": "",
            "instance_class": "db.t3.micro",
            "iops": 0,
            "kms_key_id": "arn:aws:kms:eu-west-3:756942038699:key/59842b60-16fb-4184-b853-31223d635e92",
            "latest_restorable_time": "2025-06-05T08:59:40Z",
            "license_model": "postgresql-license",
            "listener_endpoint": [],
            "maintenance_window": "sun:04:00-sun:05:00",
            "manage_master_user_password": null,
            "master_user_secret": [],
            "master_user_secret_kms_key_id": null,
            "max_allocated_storage": 100,
            "monitoring_interval": 0,
            "monitoring_role_arn": "",
            "multi_az": false,
            "nchar_character_set_name": "",
            "network_type": "IPV4",
            "option_group_name": "default:postgres-15",
            "parameter_group_name": "default.postgres15",
            "password": "adminco123",
            "password_wo": null,
            "password_wo_version": null,
            "performance_insights_enabled": false,
            "performance_insights_kms_key_id": "",
            "performance_insights_retention_period": 0,
            "port": 5432,
            "publicly_accessible": true,
            "replica_mode": "",
            "replicas": [],
            "replicate_source_db": "",
            "resource_id": "db-PKFWAABWJH3ETA3TJOWR5BCRMI",
            "restore_to_point_in_time": [],
            "s3_import": [],
            "skip_final_snapshot": true,
            "snapshot_identifier": null,
            "status": "available",
            "storage_encrypted": true,
            "storage_throughput": 0,
            "storage_type": "gp2",
            "tags": {
              "Name": "vibe-tickets-database"
            },
            "tags_all": {
              "Environment": "dev",
              "ManagedBy": "terraform",
              "Name": "vibe-tickets-database",
              "Owner": "simon",
              "Project": "vibe-tickets"
            },
            "timeouts": null,
            "timezone": "",
            "upgrade_storage_config": null,
            "username": "adminco",
            "vpc_security_group_ids": [
              "sg-08089293900d81daf"
            ]
          },
          "sensitive_attributes": [
            [
              {
                "type": "get_attr",
                "value": "password"
              }
            ],
            [
              {
                "type": "get_attr",
                "value": "password_wo"
              }
            ]
          ],
          "identity_schema_version": 0,
          "private": "eyJlMmJmYjczMC1lY2FhLTExZTYtOGY4OC0zNDM2M2JjN2M0YzAiOnsiY3JlYXRlIjozMDAwMDAwMDAwMDAwLCJkZWxldGUiOjM2MDAwMDAwMDAwMDAsInVwZGF0ZSI6NDgwMDAwMDAwMDAwMH0sInNjaGVtYV92ZXJzaW9uIjoiMiJ9",
          "dependencies": [
            "aws_db_subnet_group.main",
            "aws_security_group.ec2",
            "aws_security_group.rds",
            "aws_subnet.private",
            "aws_vpc.main"
          ]
        }
      ]
    },
    {
      "mode": "managed",
      "type": "aws_db_subnet_group",
      "name": "main",
      "provider": "provider[\"registry.terraform.io/hashicorp/aws\"]",
      "instances": [
        {
          "schema_version": 0,
          "attributes": {
            "arn": "arn:aws:rds:eu-west-3:756942038699:subgrp:vibe-tickets-db-subnet-group",
            "description": "Managed by Terraform",
            "id": "vibe-tickets-db-subnet-group",
            "name": "vibe-tickets-db-subnet-group",
            "name_prefix": "",
            "subnet_ids": [
              "subnet-0c3552ae8a3b66ae9",
              "subnet-0cc37cb80cd451c95",
              "subnet-0e7545473270533cf"
            ],
            "supported_network_types": [
              "IPV4"
            ],
            "tags": {
              "Name": "vibe-tickets-db-subnet-group"
            },
            "tags_all": {
              "Environment": "dev",
              "ManagedBy": "terraform",
              "Name": "vibe-tickets-db-subnet-group",
              "Owner": "simon",
              "Project": "vibe-tickets"
            },
            "vpc_id": "vpc-015bc9b78e755fab1"
          },
          "sensitive_attributes": [],
          "identity_schema_version": 0,
          "private": "bnVsbA==",
          "dependencies": [
            "aws_subnet.private",
            "aws_vpc.main"
          ]
        }
      ]
    },
    {
      "mode": "managed",
      "type": "aws_ecr_repository",
      "name": "main",
      "provider": "provider[\"registry.terraform.io/hashicorp/aws\"]",
      "instances": [
        {
          "schema_version": 0,
          "attributes": {
            "arn": "arn:aws:ecr:eu-west-3:756942038699:repository/vibe-tickets",
            "encryption_configuration": [
              {
                "encryption_type": "AES256",
                "kms_key": ""
              }
            ],
            "force_delete": null,
            "id": "vibe-tickets",
            "image_scanning_configuration": [
              {
                "scan_on_push": true
              }
            ],
            "image_tag_mutability": "MUTABLE",
            "name": "vibe-tickets",
            "registry_id": "756942038699",
            "repository_url": "756942038699.dkr.ecr.eu-west-3.amazonaws.com/vibe-tickets",
            "tags": {
              "Name": "vibe-tickets-ecr"
            },
            "tags_all": {
              "Environment": "dev",
              "ManagedBy": "terraform",
              "Name": "vibe-tickets-ecr",
              "Owner": "simon",
              "Project": "vibe-tickets"
            },
            "timeouts": null
          },
          "sensitive_attributes": [],
          "identity_schema_version": 0,
          "private": "eyJlMmJmYjczMC1lY2FhLTExZTYtOGY4OC0zNDM2M2JjN2M0YzAiOnsiZGVsZXRlIjoxMjAwMDAwMDAwMDAwfX0="
        }
      ]
    },
    {
      "mode": "managed",
      "type": "aws_eip",
      "name": "main",
      "provider": "provider[\"registry.terraform.io/hashicorp/aws\"]",
      "instances": [
        {
          "schema_version": 0,
          "attributes": {
            "address": null,
            "allocation_id": "eipalloc-0d7735b4a50797ca1",
            "arn": "arn:aws:ec2:eu-west-3:756942038699:elastic-ip/eipalloc-0d7735b4a50797ca1",
            "associate_with_private_ip": null,
            "association_id": "eipassoc-07215836fd92d374e",
            "carrier_ip": "",
            "customer_owned_ip": "",
            "customer_owned_ipv4_pool": "",
            "domain": "vpc",
            "id": "eipalloc-0d7735b4a50797ca1",
            "instance": "i-0e66f3b6675a80d1f",
            "ipam_pool_id": null,
            "network_border_group": "eu-west-3",
            "network_interface": "eni-09e0e476272f1a52e",
            "private_dns": "ip-10-0-1-90.eu-west-3.compute.internal",
            "private_ip": "10.0.1.90",
            "ptr_record": "",
            "public_dns": "ec2-13-36-187-182.eu-west-3.compute.amazonaws.com",
            "public_ip": "13.36.187.182",
            "public_ipv4_pool": "amazon",
            "tags": {
              "Name": "vibe-tickets-eip"
            },
            "tags_all": {
              "Environment": "dev",
              "ManagedBy": "terraform",
              "Name": "vibe-tickets-eip",
              "Owner": "simon",
              "Project": "vibe-tickets"
            },
            "timeouts": null,
            "vpc": true
          },
          "sensitive_attributes": [],
          "identity_schema_version": 0,
          "private": "eyJlMmJmYjczMC1lY2FhLTExZTYtOGY4OC0zNDM2M2JjN2M0YzAiOnsiZGVsZXRlIjoxODAwMDAwMDAwMDAsInJlYWQiOjkwMDAwMDAwMDAwMCwidXBkYXRlIjozMDAwMDAwMDAwMDB9fQ==",
          "dependencies": [
            "aws_internet_gateway.main",
            "aws_vpc.main"
          ]
        }
      ]
    },
    {
      "mode": "managed",
      "type": "aws_eip_association",
      "name": "main",
      "provider": "provider[\"registry.terraform.io/hashicorp/aws\"]",
      "instances": [
        {
          "schema_version": 0,
          "attributes": {
            "allocation_id": "eipalloc-0d7735b4a50797ca1",
            "allow_reassociation": null,
            "id": "eipassoc-0b2c6a384d7e7e5ac",
            "instance_id": "i-04da217c00bb65b43",
            "network_interface_id": "eni-09a89596572eddc79",
            "private_ip_address": "10.0.1.133",
            "public_ip": "13.36.187.182"
          },
          "sensitive_attributes": [],
          "identity_schema_version": 0,
          "private": "bnVsbA==",
          "dependencies": [
            "aws_db_instance.main",
            "aws_db_subnet_group.main",
            "aws_ecr_repository.main",
            "aws_eip.main",
            "aws_iam_instance_profile.ec2",
            "aws_iam_role.ec2",
            "aws_instance.main",
            "aws_internet_gateway.main",
            "aws_key_pair.main",
            "aws_security_group.ec2",
            "aws_security_group.rds",
            "aws_subnet.private",
            "aws_subnet.public",
            "aws_vpc.main",
            "data.aws_ami.amazon_linux"
          ]
        }
      ]
    },
    {
      "mode": "managed",
      "type": "aws_iam_instance_profile",
      "name": "ec2",
      "provider": "provider[\"registry.terraform.io/hashicorp/aws\"]",
      "instances": [
        {
          "schema_version": 0,
          "attributes": {
            "arn": "arn:aws:iam::756942038699:instance-profile/vibe-tickets-ec2-profile",
            "create_date": "2025-05-26T11:53:03Z",
            "id": "vibe-tickets-ec2-profile",
            "name": "vibe-tickets-ec2-profile",
            "name_prefix": "",
            "path": "/",
            "role": "vibe-tickets-ec2-role",
            "tags": {
              "Name": "vibe-tickets-ec2-profile"
            },
            "tags_all": {
              "Environment": "dev",
              "ManagedBy": "terraform",
              "Name": "vibe-tickets-ec2-profile",
              "Owner": "simon",
              "Project": "vibe-tickets"
            },
            "unique_id": "AIPA3APKC42VRHJOZ3ROS"
          },
          "sensitive_attributes": [],
          "identity_schema_version": 0,
          "private": "bnVsbA==",
          "dependencies": [
            "aws_iam_role.ec2"
          ]
        }
      ]
    },
    {
      "mode": "managed",
      "type": "aws_iam_role",
      "name": "ec2",
      "provider": "provider[\"registry.terraform.io/hashicorp/aws\"]",
      "instances": [
        {
          "schema_version": 0,
          "attributes": {
            "arn": "arn:aws:iam::756942038699:role/vibe-tickets-ec2-role",
            "assume_role_policy": "{\"Statement\":[{\"Action\":\"sts:AssumeRole\",\"Effect\":\"Allow\",\"Principal\":{\"Service\":\"ec2.amazonaws.com\"}}],\"Version\":\"2012-10-17\"}",
            "create_date": "2025-05-26T11:53:02Z",
            "description": "",
            "force_detach_policies": false,
            "id": "vibe-tickets-ec2-role",
            "inline_policy": [
              {
                "name": "vibe-tickets-ec2-ecr-policy",
                "policy": "{\"Version\":\"2012-10-17\",\"Statement\":[{\"Action\":[\"ecr:GetAuthorizationToken\",\"ecr:BatchCheckLayerAvailability\",\"ecr:GetDownloadUrlForLayer\",\"ecr:BatchGetImage\"],\"Effect\":\"Allow\",\"Resource\":\"*\"}]}"
              }
            ],
            "managed_policy_arns": [],
            "max_session_duration": 3600,
            "name": "vibe-tickets-ec2-role",
            "name_prefix": "",
            "path": "/",
            "permissions_boundary": "",
            "tags": {
              "Name": "vibe-tickets-ec2-role"
            },
            "tags_all": {
              "Environment": "dev",
              "ManagedBy": "terraform",
              "Name": "vibe-tickets-ec2-role",
              "Owner": "simon",
              "Project": "vibe-tickets"
            },
            "unique_id": "AROA3APKC42VYWBAVQ7XO"
          },
          "sensitive_attributes": [],
          "identity_schema_version": 0,
          "private": "bnVsbA=="
        }
      ]
    },
    {
      "mode": "managed",
      "type": "aws_iam_role_policy",
      "name": "ec2_ecr",
      "provider": "provider[\"registry.terraform.io/hashicorp/aws\"]",
      "instances": [
        {
          "schema_version": 0,
          "attributes": {
            "id": "vibe-tickets-ec2-role:vibe-tickets-ec2-ecr-policy",
            "name": "vibe-tickets-ec2-ecr-policy",
            "name_prefix": "",
            "policy": "{\"Version\":\"2012-10-17\",\"Statement\":[{\"Action\":[\"ecr:GetAuthorizationToken\",\"ecr:BatchCheckLayerAvailability\",\"ecr:GetDownloadUrlForLayer\",\"ecr:BatchGetImage\"],\"Effect\":\"Allow\",\"Resource\":\"*\"}]}",
            "role": "vibe-tickets-ec2-role"
          },
          "sensitive_attributes": [],
          "identity_schema_version": 0,
          "private": "bnVsbA==",
          "dependencies": [
            "aws_iam_role.ec2"
          ]
        }
      ]
    },
    {
      "mode": "managed",
      "type": "aws_instance",
      "name": "main",
      "provider": "provider[\"registry.terraform.io/hashicorp/aws\"]",
      "instances": [
        {
          "schema_version": 1,
          "attributes": {
            "ami": "ami-0aae3eb6d5d1b2aa5",
            "arn": "arn:aws:ec2:eu-west-3:756942038699:instance/i-04da217c00bb65b43",
            "associate_public_ip_address": true,
            "availability_zone": "eu-west-3a",
            "capacity_reservation_specification": [
              {
                "capacity_reservation_preference": "open",
                "capacity_reservation_target": []
              }
            ],
            "cpu_core_count": 1,
            "cpu_options": [
              {
                "amd_sev_snp": "",
                "core_count": 1,
                "threads_per_core": 2
              }
            ],
            "cpu_threads_per_core": 2,
            "credit_specification": [
              {
                "cpu_credits": "unlimited"
              }
            ],
            "disable_api_stop": false,
            "disable_api_termination": false,
            "ebs_block_device": [],
            "ebs_optimized": false,
            "enable_primary_ipv6": null,
            "enclave_options": [
              {
                "enabled": false
              }
            ],
            "ephemeral_block_device": [],
            "get_password_data": false,
            "hibernation": false,
            "host_id": "",
            "host_resource_group_arn": null,
            "iam_instance_profile": "vibe-tickets-ec2-profile",
            "id": "i-04da217c00bb65b43",
            "instance_initiated_shutdown_behavior": "stop",
            "instance_lifecycle": "",
            "instance_market_options": [],
            "instance_state": "running",
            "instance_type": "t3.small",
            "ipv6_address_count": 0,
            "ipv6_addresses": [],
            "key_name": "vibe-tickets-key-20250605-110126",
            "launch_template": [],
            "maintenance_options": [
              {
                "auto_recovery": "default"
              }
            ],
            "metadata_options": [
              {
                "http_endpoint": "enabled",
                "http_protocol_ipv6": "disabled",
                "http_put_response_hop_limit": 2,
                "http_tokens": "required",
                "instance_metadata_tags": "disabled"
              }
            ],
            "monitoring": false,
            "network_interface": [],
            "outpost_arn": "",
            "password_data": "",
            "placement_group": "",
            "placement_partition_number": 0,
            "primary_network_interface_id": "eni-09a89596572eddc79",
            "private_dns": "ip-10-0-1-133.eu-west-3.compute.internal",
            "private_dns_name_options": [
              {
                "enable_resource_name_dns_a_record": false,
                "enable_resource_name_dns_aaaa_record": false,
                "hostname_type": "ip-name"
              }
            ],
            "private_ip": "10.0.1.133",
            "public_dns": "ec2-35-180-193-99.eu-west-3.compute.amazonaws.com",
            "public_ip": "35.180.193.99",
            "root_block_device": [
              {
                "delete_on_termination": true,
                "device_name": "/dev/xvda",
                "encrypted": true,
                "iops": 3000,
                "kms_key_id": "arn:aws:kms:eu-west-3:756942038699:key/d758b388-d7e1-4d1f-a560-22c9b0b34ebf",
                "tags": null,
                "tags_all": {
                  "Environment": "dev",
                  "ManagedBy": "terraform",
                  "Owner": "simon",
                  "Project": "vibe-tickets"
                },
                "throughput": 125,
                "volume_id": "vol-0474f1a870966c4b1",
                "volume_size": 30,
                "volume_type": "gp3"
              }
            ],
            "secondary_private_ips": [],
            "security_groups": [],
            "source_dest_check": true,
            "spot_instance_request_id": "",
            "subnet_id": "subnet-0532e938898bbbe4d",
            "tags": {
              "Name": "vibe-tickets-server"
            },
            "tags_all": {
              "Environment": "dev",
              "ManagedBy": "terraform",
              "Name": "vibe-tickets-server",
              "Owner": "simon",
              "Project": "vibe-tickets"
            },
            "tenancy": "default",
            "timeouts": null,
            "user_data": "05dda896d5a58595b72351ccbcebd5ec16b002a3",
            "user_data_base64": null,
            "user_data_replace_on_change": true,
            "volume_tags": null,
            "vpc_security_group_ids": [
              "sg-049e763caa228175c"
            ]
          },
          "sensitive_attributes": [
            [
              {
                "type": "get_attr",
                "value": "user_data"
              }
            ]
          ],
          "identity_schema_version": 0,
          "private": "eyJlMmJmYjczMC1lY2FhLTExZTYtOGY4OC0zNDM2M2JjN2M0YzAiOnsiY3JlYXRlIjo2MDAwMDAwMDAwMDAsImRlbGV0ZSI6MTIwMDAwMDAwMDAwMCwicmVhZCI6OTAwMDAwMDAwMDAwLCJ1cGRhdGUiOjYwMDAwMDAwMDAwMH0sInNjaGVtYV92ZXJzaW9uIjoiMSJ9",
          "dependencies": [
            "aws_db_instance.main",
            "aws_db_subnet_group.main",
            "aws_ecr_repository.main",
            "aws_iam_instance_profile.ec2",
            "aws_iam_role.ec2",
            "aws_key_pair.main",
            "aws_security_group.ec2",
            "aws_security_group.rds",
            "aws_subnet.private",
            "aws_subnet.public",
            "aws_vpc.main",
            "data.aws_ami.amazon_linux"
          ]
        }
      ]
    },
    {
      "mode": "managed",
      "type": "aws_internet_gateway",
      "name": "main",
      "provider": "provider[\"registry.terraform.io/hashicorp/aws\"]",
      "instances": [
        {
          "schema_version": 0,
          "attributes": {
            "arn": "arn:aws:ec2:eu-west-3:756942038699:internet-gateway/igw-02462cad26db2f982",
            "id": "igw-02462cad26db2f982",
            "owner_id": "756942038699",
            "tags": {
              "Name": "vibe-tickets-igw"
            },
            "tags_all": {
              "Environment": "dev",
              "ManagedBy": "terraform",
              "Name": "vibe-tickets-igw",
              "Owner": "simon",
              "Project": "vibe-tickets"
            },
            "timeouts": null,
            "vpc_id": "vpc-015bc9b78e755fab1"
          },
          "sensitive_attributes": [],
          "identity_schema_version": 0,
          "private": "eyJlMmJmYjczMC1lY2FhLTExZTYtOGY4OC0zNDM2M2JjN2M0YzAiOnsiY3JlYXRlIjoxMjAwMDAwMDAwMDAwLCJkZWxldGUiOjEyMDAwMDAwMDAwMDAsInVwZGF0ZSI6MTIwMDAwMDAwMDAwMH19",
          "dependencies": [
            "aws_vpc.main"
          ]
        }
      ]
    },
    {
      "mode": "managed",
      "type": "aws_key_pair",
      "name": "main",
      "provider": "provider[\"registry.terraform.io/hashicorp/aws\"]",
      "instances": [
        {
          "schema_version": 1,
          "attributes": {
            "arn": "arn:aws:ec2:eu-west-3:756942038699:key-pair/vibe-tickets-key-20250605-110126",
            "fingerprint": "bd:aa:06:f6:91:88:d1:27:9a:ed:b0:18:68:9f:f8:5f",
            "id": "vibe-tickets-key-20250605-110126",
            "key_name": "vibe-tickets-key-20250605-110126",
            "key_name_prefix": "",
            "key_pair_id": "key-058b5a17120ad8fcf",
            "key_type": "rsa",
            "public_key": "ssh-rsa AAAAB3NzaC1yc2EAAAADAQABAAABAQDYJaDUShe7OOYtQKeCQvJ6YCTMtOL1ICecDyw6zhjeurw7aZUXLfAFjFk09kZzk1S8Oy4EaL0prY5zKocnYNsJJBWSwWyxp5IwoKyfBUXSd4wu+PYKVQ7gnEEXtO4RsXGV6t2nQVeahSZP0XoT6IaI8d69hO1/2TVNv/bL65KqkzeJ3dmVQtIHfZtBoY7FqQCJM+NbjnGxjETRYcP2RLs7MTPnBc7Qy9C/OupC8H1xXUV8XGuC2PADueMAdAtqZE6NOmVnxenZgZ/QS+RWK9x4zjGY/8IRPkI0B5uGTJxOMXS/niLDJZcJDc+KgPKvdF5SU9+dq/XDMcicGvhsr3+7 vibe-tickets-deployment-20250605-110126",
            "tags": {
              "CreatedBy": "deploy.ps1",
              "Description": "Clé SSH générée automatiquement pour vibe-tickets-key-20250605-110126",
              "Name": "vibe-tickets-key-pair"
            },
            "tags_all": {
              "CreatedBy": "deploy.ps1",
              "Description": "Clé SSH générée automatiquement pour vibe-tickets-key-20250605-110126",
              "Environment": "dev",
              "ManagedBy": "terraform",
              "Name": "vibe-tickets-key-pair",
              "Owner": "simon",
              "Project": "vibe-tickets"
            }
          },
          "sensitive_attributes": [],
          "identity_schema_version": 0,
          "private": "eyJzY2hlbWFfdmVyc2lvbiI6IjEifQ==",
          "create_before_destroy": true
        }
      ]
    },
    {
      "mode": "managed",
      "type": "aws_route_table",
      "name": "public",
      "provider": "provider[\"registry.terraform.io/hashicorp/aws\"]",
      "instances": [
        {
          "schema_version": 0,
          "attributes": {
            "arn": "arn:aws:ec2:eu-west-3:756942038699:route-table/rtb-087ad2ad622ded360",
            "id": "rtb-087ad2ad622ded360",
            "owner_id": "756942038699",
            "propagating_vgws": [],
            "route": [
              {
                "carrier_gateway_id": "",
                "cidr_block": "0.0.0.0/0",
                "core_network_arn": "",
                "destination_prefix_list_id": "",
                "egress_only_gateway_id": "",
                "gateway_id": "igw-02462cad26db2f982",
                "ipv6_cidr_block": "",
                "local_gateway_id": "",
                "nat_gateway_id": "",
                "network_interface_id": "",
                "transit_gateway_id": "",
                "vpc_endpoint_id": "",
                "vpc_peering_connection_id": ""
              }
            ],
            "tags": {
              "Name": "vibe-tickets-public-rt"
            },
            "tags_all": {
              "Environment": "dev",
              "ManagedBy": "terraform",
              "Name": "vibe-tickets-public-rt",
              "Owner": "simon",
              "Project": "vibe-tickets"
            },
            "timeouts": null,
            "vpc_id": "vpc-015bc9b78e755fab1"
          },
          "sensitive_attributes": [],
          "identity_schema_version": 0,
          "private": "eyJlMmJmYjczMC1lY2FhLTExZTYtOGY4OC0zNDM2M2JjN2M0YzAiOnsiY3JlYXRlIjozMDAwMDAwMDAwMDAsImRlbGV0ZSI6MzAwMDAwMDAwMDAwLCJ1cGRhdGUiOjEyMDAwMDAwMDAwMH19",
          "dependencies": [
            "aws_internet_gateway.main",
            "aws_vpc.main"
          ]
        }
      ]
    },
    {
      "mode": "managed",
      "type": "aws_route_table_association",
      "name": "public",
      "provider": "provider[\"registry.terraform.io/hashicorp/aws\"]",
      "instances": [
        {
          "index_key": 0,
          "schema_version": 0,
          "attributes": {
            "gateway_id": "",
            "id": "rtbassoc-04cc0dc37d743dc5f",
            "route_table_id": "rtb-087ad2ad622ded360",
            "subnet_id": "subnet-0532e938898bbbe4d",
            "timeouts": null
          },
          "sensitive_attributes": [],
          "identity_schema_version": 0,
          "private": "eyJlMmJmYjczMC1lY2FhLTExZTYtOGY4OC0zNDM2M2JjN2M0YzAiOnsiY3JlYXRlIjozMDAwMDAwMDAwMDAsImRlbGV0ZSI6MzAwMDAwMDAwMDAwLCJ1cGRhdGUiOjEyMDAwMDAwMDAwMH19",
          "dependencies": [
            "aws_internet_gateway.main",
            "aws_route_table.public",
            "aws_subnet.public",
            "aws_vpc.main"
          ]
        },
        {
          "index_key": 1,
          "schema_version": 0,
          "attributes": {
            "gateway_id": "",
            "id": "rtbassoc-0bc047e82afe6ada5",
            "route_table_id": "rtb-087ad2ad622ded360",
            "subnet_id": "subnet-0c45706b14b72c9c2",
            "timeouts": null
          },
          "sensitive_attributes": [],
          "identity_schema_version": 0,
          "private": "eyJlMmJmYjczMC1lY2FhLTExZTYtOGY4OC0zNDM2M2JjN2M0YzAiOnsiY3JlYXRlIjozMDAwMDAwMDAwMDAsImRlbGV0ZSI6MzAwMDAwMDAwMDAwLCJ1cGRhdGUiOjEyMDAwMDAwMDAwMH19",
          "dependencies": [
            "aws_internet_gateway.main",
            "aws_route_table.public",
            "aws_subnet.public",
            "aws_vpc.main"
          ]
        },
        {
          "index_key": 2,
          "schema_version": 0,
          "attributes": {
            "gateway_id": "",
            "id": "rtbassoc-0ddf040057cc63f61",
            "route_table_id": "rtb-087ad2ad622ded360",
            "subnet_id": "subnet-05eea967816ccb3cd",
            "timeouts": null
          },
          "sensitive_attributes": [],
          "identity_schema_version": 0,
          "private": "eyJlMmJmYjczMC1lY2FhLTExZTYtOGY4OC0zNDM2M2JjN2M0YzAiOnsiY3JlYXRlIjozMDAwMDAwMDAwMDAsImRlbGV0ZSI6MzAwMDAwMDAwMDAwLCJ1cGRhdGUiOjEyMDAwMDAwMDAwMH19",
          "dependencies": [
            "aws_internet_gateway.main",
            "aws_route_table.public",
            "aws_subnet.public",
            "aws_vpc.main"
          ]
        }
      ]
    },
    {
      "mode": "managed",
      "type": "aws_security_group",
      "name": "ec2",
      "provider": "provider[\"registry.terraform.io/hashicorp/aws\"]",
      "instances": [
        {
          "schema_version": 1,
          "attributes": {
            "arn": "arn:aws:ec2:eu-west-3:756942038699:security-group/sg-049e763caa228175c",
            "description": "Managed by Terraform",
            "egress": [
              {
                "cidr_blocks": [
                  "0.0.0.0/0"
                ],
                "description": "All outbound traffic",
                "from_port": 0,
                "ipv6_cidr_blocks": [],
                "prefix_list_ids": [],
                "protocol": "-1",
                "security_groups": [],
                "self": false,
                "to_port": 0
              }
            ],
            "id": "sg-049e763caa228175c",
            "ingress": [
              {
                "cidr_blocks": [
                  "0.0.0.0/0"
                ],
                "description": "HTTP access for Spring Boot app",
                "from_port": 8080,
                "ipv6_cidr_blocks": [],
                "prefix_list_ids": [],
                "protocol": "tcp",
                "security_groups": [],
                "self": false,
                "to_port": 8080
              },
              {
                "cidr_blocks": [
                  "109.209.31.42/32"
                ],
                "description": "SSH access from my IP",
                "from_port": 22,
                "ipv6_cidr_blocks": [],
                "prefix_list_ids": [],
                "protocol": "tcp",
                "security_groups": [],
                "self": false,
                "to_port": 22
              }
            ],
            "name": "vibe-tickets-ec2-20250526103611772300000001",
            "name_prefix": "vibe-tickets-ec2-",
            "owner_id": "756942038699",
            "revoke_rules_on_delete": false,
            "tags": {
              "Name": "vibe-tickets-ec2-sg"
            },
            "tags_all": {
              "Environment": "dev",
              "ManagedBy": "terraform",
              "Name": "vibe-tickets-ec2-sg",
              "Owner": "simon",
              "Project": "vibe-tickets"
            },
            "timeouts": null,
            "vpc_id": "vpc-015bc9b78e755fab1"
          },
          "sensitive_attributes": [],
          "identity_schema_version": 0,
          "private": "eyJlMmJmYjczMC1lY2FhLTExZTYtOGY4OC0zNDM2M2JjN2M0YzAiOnsiY3JlYXRlIjo2MDAwMDAwMDAwMDAsImRlbGV0ZSI6OTAwMDAwMDAwMDAwfSwic2NoZW1hX3ZlcnNpb24iOiIxIn0=",
          "dependencies": [
            "aws_vpc.main"
          ]
        }
      ]
    },
    {
      "mode": "managed",
      "type": "aws_security_group",
      "name": "rds",
      "provider": "provider[\"registry.terraform.io/hashicorp/aws\"]",
      "instances": [
        {
          "schema_version": 1,
          "attributes": {
            "arn": "arn:aws:ec2:eu-west-3:756942038699:security-group/sg-08089293900d81daf",
            "description": "Managed by Terraform",
            "egress": [
              {
                "cidr_blocks": [
                  "0.0.0.0/0"
                ],
                "description": "All outbound traffic",
                "from_port": 0,
                "ipv6_cidr_blocks": [],
                "prefix_list_ids": [],
                "protocol": "-1",
                "security_groups": [],
                "self": false,
                "to_port": 0
              }
            ],
            "id": "sg-08089293900d81daf",
            "ingress": [
              {
                "cidr_blocks": [
                  "109.209.31.42/32"
                ],
                "description": "PostgreSQL access from my IP for testing",
                "from_port": 5432,
                "ipv6_cidr_blocks": [],
                "prefix_list_ids": [],
                "protocol": "tcp",
                "security_groups": [],
                "self": false,
                "to_port": 5432
              },
              {
                "cidr_blocks": [],
                "description": "PostgreSQL access from EC2",
                "from_port": 5432,
                "ipv6_cidr_blocks": [],
                "prefix_list_ids": [],
                "protocol": "tcp",
                "security_groups": [
                  "sg-049e763caa228175c"
                ],
                "self": false,
                "to_port": 5432
              }
            ],
            "name": "vibe-tickets-rds-20250526103614188500000003",
            "name_prefix": "vibe-tickets-rds-",
            "owner_id": "756942038699",
            "revoke_rules_on_delete": false,
            "tags": {
              "Name": "vibe-tickets-rds-sg"
            },
            "tags_all": {
              "Environment": "dev",
              "ManagedBy": "terraform",
              "Name": "vibe-tickets-rds-sg",
              "Owner": "simon",
              "Project": "vibe-tickets"
            },
            "timeouts": null,
            "vpc_id": "vpc-015bc9b78e755fab1"
          },
          "sensitive_attributes": [],
          "identity_schema_version": 0,
          "private": "eyJlMmJmYjczMC1lY2FhLTExZTYtOGY4OC0zNDM2M2JjN2M0YzAiOnsiY3JlYXRlIjo2MDAwMDAwMDAwMDAsImRlbGV0ZSI6OTAwMDAwMDAwMDAwfSwic2NoZW1hX3ZlcnNpb24iOiIxIn0=",
          "dependencies": [
            "aws_security_group.ec2",
            "aws_vpc.main"
          ]
        }
      ]
    },
    {
      "mode": "managed",
      "type": "aws_subnet",
      "name": "private",
      "provider": "provider[\"registry.terraform.io/hashicorp/aws\"]",
      "instances": [
        {
          "index_key": 0,
          "schema_version": 1,
          "attributes": {
            "arn": "arn:aws:ec2:eu-west-3:756942038699:subnet/subnet-0e7545473270533cf",
            "assign_ipv6_address_on_creation": false,
            "availability_zone": "eu-west-3a",
            "availability_zone_id": "euw3-az1",
            "cidr_block": "10.0.10.0/24",
            "customer_owned_ipv4_pool": "",
            "enable_dns64": false,
            "enable_lni_at_device_index": 0,
            "enable_resource_name_dns_a_record_on_launch": false,
            "enable_resource_name_dns_aaaa_record_on_launch": false,
            "id": "subnet-0e7545473270533cf",
            "ipv6_cidr_block": "",
            "ipv6_cidr_block_association_id": "",
            "ipv6_native": false,
            "map_customer_owned_ip_on_launch": false,
            "map_public_ip_on_launch": false,
            "outpost_arn": "",
            "owner_id": "756942038699",
            "private_dns_hostname_type_on_launch": "ip-name",
            "tags": {
              "Name": "vibe-tickets-private-subnet-1",
              "Type": "Private"
            },
            "tags_all": {
              "Environment": "dev",
              "ManagedBy": "terraform",
              "Name": "vibe-tickets-private-subnet-1",
              "Owner": "simon",
              "Project": "vibe-tickets",
              "Type": "Private"
            },
            "timeouts": null,
            "vpc_id": "vpc-015bc9b78e755fab1"
          },
          "sensitive_attributes": [],
          "identity_schema_version": 0,
          "private": "eyJlMmJmYjczMC1lY2FhLTExZTYtOGY4OC0zNDM2M2JjN2M0YzAiOnsiY3JlYXRlIjo2MDAwMDAwMDAwMDAsImRlbGV0ZSI6MTIwMDAwMDAwMDAwMH0sInNjaGVtYV92ZXJzaW9uIjoiMSJ9",
          "dependencies": [
            "aws_vpc.main"
          ]
        },
        {
          "index_key": 1,
          "schema_version": 1,
          "attributes": {
            "arn": "arn:aws:ec2:eu-west-3:756942038699:subnet/subnet-0cc37cb80cd451c95",
            "assign_ipv6_address_on_creation": false,
            "availability_zone": "eu-west-3b",
            "availability_zone_id": "euw3-az2",
            "cidr_block": "10.0.11.0/24",
            "customer_owned_ipv4_pool": "",
            "enable_dns64": false,
            "enable_lni_at_device_index": 0,
            "enable_resource_name_dns_a_record_on_launch": false,
            "enable_resource_name_dns_aaaa_record_on_launch": false,
            "id": "subnet-0cc37cb80cd451c95",
            "ipv6_cidr_block": "",
            "ipv6_cidr_block_association_id": "",
            "ipv6_native": false,
            "map_customer_owned_ip_on_launch": false,
            "map_public_ip_on_launch": false,
            "outpost_arn": "",
            "owner_id": "756942038699",
            "private_dns_hostname_type_on_launch": "ip-name",
            "tags": {
              "Name": "vibe-tickets-private-subnet-2",
              "Type": "Private"
            },
            "tags_all": {
              "Environment": "dev",
              "ManagedBy": "terraform",
              "Name": "vibe-tickets-private-subnet-2",
              "Owner": "simon",
              "Project": "vibe-tickets",
              "Type": "Private"
            },
            "timeouts": null,
            "vpc_id": "vpc-015bc9b78e755fab1"
          },
          "sensitive_attributes": [],
          "identity_schema_version": 0,
          "private": "eyJlMmJmYjczMC1lY2FhLTExZTYtOGY4OC0zNDM2M2JjN2M0YzAiOnsiY3JlYXRlIjo2MDAwMDAwMDAwMDAsImRlbGV0ZSI6MTIwMDAwMDAwMDAwMH0sInNjaGVtYV92ZXJzaW9uIjoiMSJ9",
          "dependencies": [
            "aws_vpc.main"
          ]
        },
        {
          "index_key": 2,
          "schema_version": 1,
          "attributes": {
            "arn": "arn:aws:ec2:eu-west-3:756942038699:subnet/subnet-0c3552ae8a3b66ae9",
            "assign_ipv6_address_on_creation": false,
            "availability_zone": "eu-west-3c",
            "availability_zone_id": "euw3-az3",
            "cidr_block": "10.0.12.0/24",
            "customer_owned_ipv4_pool": "",
            "enable_dns64": false,
            "enable_lni_at_device_index": 0,
            "enable_resource_name_dns_a_record_on_launch": false,
            "enable_resource_name_dns_aaaa_record_on_launch": false,
            "id": "subnet-0c3552ae8a3b66ae9",
            "ipv6_cidr_block": "",
            "ipv6_cidr_block_association_id": "",
            "ipv6_native": false,
            "map_customer_owned_ip_on_launch": false,
            "map_public_ip_on_launch": false,
            "outpost_arn": "",
            "owner_id": "756942038699",
            "private_dns_hostname_type_on_launch": "ip-name",
            "tags": {
              "Name": "vibe-tickets-private-subnet-3",
              "Type": "Private"
            },
            "tags_all": {
              "Environment": "dev",
              "ManagedBy": "terraform",
              "Name": "vibe-tickets-private-subnet-3",
              "Owner": "simon",
              "Project": "vibe-tickets",
              "Type": "Private"
            },
            "timeouts": null,
            "vpc_id": "vpc-015bc9b78e755fab1"
          },
          "sensitive_attributes": [],
          "identity_schema_version": 0,
          "private": "eyJlMmJmYjczMC1lY2FhLTExZTYtOGY4OC0zNDM2M2JjN2M0YzAiOnsiY3JlYXRlIjo2MDAwMDAwMDAwMDAsImRlbGV0ZSI6MTIwMDAwMDAwMDAwMH0sInNjaGVtYV92ZXJzaW9uIjoiMSJ9",
          "dependencies": [
            "aws_vpc.main"
          ]
        }
      ]
    },
    {
      "mode": "managed",
      "type": "aws_subnet",
      "name": "public",
      "provider": "provider[\"registry.terraform.io/hashicorp/aws\"]",
      "instances": [
        {
          "index_key": 0,
          "schema_version": 1,
          "attributes": {
            "arn": "arn:aws:ec2:eu-west-3:756942038699:subnet/subnet-0532e938898bbbe4d",
            "assign_ipv6_address_on_creation": false,
            "availability_zone": "eu-west-3a",
            "availability_zone_id": "euw3-az1",
            "cidr_block": "10.0.1.0/24",
            "customer_owned_ipv4_pool": "",
            "enable_dns64": false,
            "enable_lni_at_device_index": 0,
            "enable_resource_name_dns_a_record_on_launch": false,
            "enable_resource_name_dns_aaaa_record_on_launch": false,
            "id": "subnet-0532e938898bbbe4d",
            "ipv6_cidr_block": "",
            "ipv6_cidr_block_association_id": "",
            "ipv6_native": false,
            "map_customer_owned_ip_on_launch": false,
            "map_public_ip_on_launch": true,
            "outpost_arn": "",
            "owner_id": "756942038699",
            "private_dns_hostname_type_on_launch": "ip-name",
            "tags": {
              "Name": "vibe-tickets-public-subnet-1",
              "Type": "Public"
            },
            "tags_all": {
              "Environment": "dev",
              "ManagedBy": "terraform",
              "Name": "vibe-tickets-public-subnet-1",
              "Owner": "simon",
              "Project": "vibe-tickets",
              "Type": "Public"
            },
            "timeouts": null,
            "vpc_id": "vpc-015bc9b78e755fab1"
          },
          "sensitive_attributes": [],
          "identity_schema_version": 0,
          "private": "eyJlMmJmYjczMC1lY2FhLTExZTYtOGY4OC0zNDM2M2JjN2M0YzAiOnsiY3JlYXRlIjo2MDAwMDAwMDAwMDAsImRlbGV0ZSI6MTIwMDAwMDAwMDAwMH0sInNjaGVtYV92ZXJzaW9uIjoiMSJ9",
          "dependencies": [
            "aws_vpc.main"
          ]
        },
        {
          "index_key": 1,
          "schema_version": 1,
          "attributes": {
            "arn": "arn:aws:ec2:eu-west-3:756942038699:subnet/subnet-0c45706b14b72c9c2",
            "assign_ipv6_address_on_creation": false,
            "availability_zone": "eu-west-3b",
            "availability_zone_id": "euw3-az2",
            "cidr_block": "10.0.2.0/24",
            "customer_owned_ipv4_pool": "",
            "enable_dns64": false,
            "enable_lni_at_device_index": 0,
            "enable_resource_name_dns_a_record_on_launch": false,
            "enable_resource_name_dns_aaaa_record_on_launch": false,
            "id": "subnet-0c45706b14b72c9c2",
            "ipv6_cidr_block": "",
            "ipv6_cidr_block_association_id": "",
            "ipv6_native": false,
            "map_customer_owned_ip_on_launch": false,
            "map_public_ip_on_launch": true,
            "outpost_arn": "",
            "owner_id": "756942038699",
            "private_dns_hostname_type_on_launch": "ip-name",
            "tags": {
              "Name": "vibe-tickets-public-subnet-2",
              "Type": "Public"
            },
            "tags_all": {
              "Environment": "dev",
              "ManagedBy": "terraform",
              "Name": "vibe-tickets-public-subnet-2",
              "Owner": "simon",
              "Project": "vibe-tickets",
              "Type": "Public"
            },
            "timeouts": null,
            "vpc_id": "vpc-015bc9b78e755fab1"
          },
          "sensitive_attributes": [],
          "identity_schema_version": 0,
          "private": "eyJlMmJmYjczMC1lY2FhLTExZTYtOGY4OC0zNDM2M2JjN2M0YzAiOnsiY3JlYXRlIjo2MDAwMDAwMDAwMDAsImRlbGV0ZSI6MTIwMDAwMDAwMDAwMH0sInNjaGVtYV92ZXJzaW9uIjoiMSJ9",
          "dependencies": [
            "aws_vpc.main"
          ]
        },
        {
          "index_key": 2,
          "schema_version": 1,
          "attributes": {
            "arn": "arn:aws:ec2:eu-west-3:756942038699:subnet/subnet-05eea967816ccb3cd",
            "assign_ipv6_address_on_creation": false,
            "availability_zone": "eu-west-3c",
            "availability_zone_id": "euw3-az3",
            "cidr_block": "10.0.3.0/24",
            "customer_owned_ipv4_pool": "",
            "enable_dns64": false,
            "enable_lni_at_device_index": 0,
            "enable_resource_name_dns_a_record_on_launch": false,
            "enable_resource_name_dns_aaaa_record_on_launch": false,
            "id": "subnet-05eea967816ccb3cd",
            "ipv6_cidr_block": "",
            "ipv6_cidr_block_association_id": "",
            "ipv6_native": false,
            "map_customer_owned_ip_on_launch": false,
            "map_public_ip_on_launch": true,
            "outpost_arn": "",
            "owner_id": "756942038699",
            "private_dns_hostname_type_on_launch": "ip-name",
            "tags": {
              "Name": "vibe-tickets-public-subnet-3",
              "Type": "Public"
            },
            "tags_all": {
              "Environment": "dev",
              "ManagedBy": "terraform",
              "Name": "vibe-tickets-public-subnet-3",
              "Owner": "simon",
              "Project": "vibe-tickets",
              "Type": "Public"
            },
            "timeouts": null,
            "vpc_id": "vpc-015bc9b78e755fab1"
          },
          "sensitive_attributes": [],
          "identity_schema_version": 0,
          "private": "eyJlMmJmYjczMC1lY2FhLTExZTYtOGY4OC0zNDM2M2JjN2M0YzAiOnsiY3JlYXRlIjo2MDAwMDAwMDAwMDAsImRlbGV0ZSI6MTIwMDAwMDAwMDAwMH0sInNjaGVtYV92ZXJzaW9uIjoiMSJ9",
          "dependencies": [
            "aws_vpc.main"
          ]
        }
      ]
    },
    {
      "mode": "managed",
      "type": "aws_vpc",
      "name": "main",
      "provider": "provider[\"registry.terraform.io/hashicorp/aws\"]",
      "instances": [
        {
          "schema_version": 1,
          "attributes": {
            "arn": "arn:aws:ec2:eu-west-3:756942038699:vpc/vpc-015bc9b78e755fab1",
            "assign_generated_ipv6_cidr_block": false,
            "cidr_block": "10.0.0.0/16",
            "default_network_acl_id": "acl-0b6ffba3cc4372f18",
            "default_route_table_id": "rtb-0fcd8a23b022f7e54",
            "default_security_group_id": "sg-0bcc20d4a8d38f53d",
            "dhcp_options_id": "dopt-0d5881e74f645b947",
            "enable_dns_hostnames": true,
            "enable_dns_support": true,
            "enable_network_address_usage_metrics": false,
            "id": "vpc-015bc9b78e755fab1",
            "instance_tenancy": "default",
            "ipv4_ipam_pool_id": null,
            "ipv4_netmask_length": null,
            "ipv6_association_id": "",
            "ipv6_cidr_block": "",
            "ipv6_cidr_block_network_border_group": "",
            "ipv6_ipam_pool_id": "",
            "ipv6_netmask_length": 0,
            "main_route_table_id": "rtb-0fcd8a23b022f7e54",
            "owner_id": "756942038699",
            "tags": {
              "Name": "vibe-tickets-vpc"
            },
            "tags_all": {
              "Environment": "dev",
              "ManagedBy": "terraform",
              "Name": "vibe-tickets-vpc",
              "Owner": "simon",
              "Project": "vibe-tickets"
            }
          },
          "sensitive_attributes": [],
          "identity_schema_version": 0,
          "private": "eyJzY2hlbWFfdmVyc2lvbiI6IjEifQ=="
        }
      ]
    }
  ],
  "check_results": null
}
